
Microsoft Visual Studio Solution File, Format Version 12.00
# Visual Studio Version 17
VisualStudioVersion = 17.9.34622.214
MinimumVisualStudioVersion = 10.0.40219.1
Project("{9A19103F-16F7-4668-BE54-9A1E7A4F7556}") = "ChampionRobot.Host", "Robot.Host\ChampionRobot.Host.csproj", "{D3F88365-96A4-4374-BBAE-B3F09E28B54C}"
EndProject
Project("{9A19103F-16F7-4668-BE54-9A1E7A4F7556}") = "ChampionRobot.Logic", "Robot.Logic\ChampionRobot.Logic.csproj", "{F8513E78-72BE-48B4-AD04-9EF218080FC8}"
EndProject
Project("{9A19103F-16F7-4668-BE54-9A1E7A4F7556}") = "ChampionRobot.UnitTests", "Robot.UnitTests\ChampionRobot.UnitTests.csproj", "{26B41EB8-49CE-4080-97AC-DF95AB75D01F}"
EndProject
Project("{2150E333-8FDC-42A3-9474-1A3956D46DE8}") = "Solution Items", "Solution Items", "{0DD93A75-B0A4-4A14-9203-BAD164C72759}"
	ProjectSection(SolutionItems) = preProject
		CSharp - Robot Simulator.pdf = CSharp - Robot Simulator.pdf
		Directory.Build.props = Directory.Build.props
		Readme.md = Readme.md
	EndProjectSection
EndProject
Global
	GlobalSection(SolutionConfigurationPlatforms) = preSolution
		Debug|Any CPU = Debug|Any CPU
		Release|Any CPU = Release|Any CPU
	EndGlobalSection
	GlobalSection(ProjectConfigurationPlatforms) = postSolution
		{D3F88365-96A4-4374-BBAE-B3F09E28B54C}.Debug|Any CPU.ActiveCfg = Debug|Any CPU
		{D3F88365-96A4-4374-BBAE-B3F09E28B54C}.Debug|Any CPU.Build.0 = Debug|Any CPU
		{D3F88365-96A4-4374-BBAE-B3F09E28B54C}.Release|Any CPU.ActiveCfg = Release|Any CPU
		{D3F88365-96A4-4374-BBAE-B3F09E28B54C}.Release|Any CPU.Build.0 = Release|Any CPU
		{F8513E78-72BE-48B4-AD04-9EF218080FC8}.Debug|Any CPU.ActiveCfg = Debug|Any CPU
		{F8513E78-72BE-48B4-AD04-9EF218080FC8}.Debug|Any CPU.Build.0 = Debug|Any CPU
		{F8513E78-72BE-48B4-AD04-9EF218080FC8}.Release|Any CPU.ActiveCfg = Release|Any CPU
		{F8513E78-72BE-48B4-AD04-9EF218080FC8}.Release|Any CPU.Build.0 = Release|Any CPU
		{26B41EB8-49CE-4080-97AC-DF95AB75D01F}.Debug|Any CPU.ActiveCfg = Debug|Any CPU
		{26B41EB8-49CE-4080-97AC-DF95AB75D01F}.Debug|Any CPU.Build.0 = Debug|Any CPU
		{26B41EB8-49CE-4080-97AC-DF95AB75D01F}.Release|Any CPU.ActiveCfg = Release|Any CPU
		{26B41EB8-49CE-4080-97AC-DF95AB75D01F}.Release|Any CPU.Build.0 = Release|Any CPU
	EndGlobalSection
	GlobalSection(SolutionProperties) = preSolution
		HideSolutionNode = FALSE
	EndGlobalSection
	GlobalSection(ExtensibilityGlobals) = postSolution
		SolutionGuid = {7E7FA5DA-4215-4A9A-A163-BAA4679841AB}
	EndGlobalSection
EndGlobal
